
Microsoft Visual Studio Solution File, Format Version 12.00
# Visual Studio 15
VisualStudioVersion = 15.0.27004.2008
MinimumVisualStudioVersion = 10.0.40219.1
Project("{8BC9CEB8-8B4A-11D0-8D11-00A0C91BC942}") = "aubio", "aubio.vcxproj", "{A8199C5E-A519-48C7-8101-ABDE2F8A6E0F}"
EndProject
Global
	GlobalSection(SolutionConfigurationPlatforms) = preSolution
		Debug|x64 = Debug|x64
		Debug|x86 = Debug|x86
		Release|x64 = Release|x64
		Release|x86 = Release|x86
	EndGlobalSection
	GlobalSection(ProjectConfigurationPlatforms) = postSolution
		{A8199C5E-A519-48C7-8101-ABDE2F8A6E0F}.Debug|x64.ActiveCfg = Debug|x64
		{A8199C5E-A519-48C7-8101-ABDE2F8A6E0F}.Debug|x64.Build.0 = Debug|x64
		{A8199C5E-A519-48C7-8101-ABDE2F8A6E0F}.Debug|x86.ActiveCfg = Debug|Win32
		{A8199C5E-A519-48C7-8101-ABDE2F8A6E0F}.Debug|x86.Build.0 = Debug|Win32
		{A8199C5E-A519-48C7-8101-ABDE2F8A6E0F}.Release|x64.ActiveCfg = Release|x64
		{A8199C5E-A519-48C7-8101-ABDE2F8A6E0F}.Release|x64.Build.0 = Release|x64
		{A8199C5E-A519-48C7-8101-ABDE2F8A6E0F}.Release|x86.ActiveCfg = Release|Win32
		{A8199C5E-A519-48C7-8101-ABDE2F8A6E0F}.Release|x86.Build.0 = Release|Win32
	EndGlobalSection
	GlobalSection(SolutionProperties) = preSolution
		HideSolutionNode = FALSE
	EndGlobalSection
	GlobalSection(ExtensibilityGlobals) = postSolution
		SolutionGuid = {0C5AA4A7-A6B6-462F-BC8F-0144AFE89CB9}
	EndGlobalSection
EndGlobal
