<?xml version="1.0" encoding="utf-8"?>
<Project ToolsVersion="4.0" xmlns="http://schemas.microsoft.com/developer/msbuild/2003">
  <ItemGroup>
    <Filter Include="Source Files">
      <UniqueIdentifier>{4FC737F1-C7A5-4376-A066-2A32D752A2FF}</UniqueIdentifier>
      <Extensions>cpp;c;cc;cxx;def;odl;idl;hpj;bat;asm;asmx</Extensions>
    </Filter>
    <Filter Include="Header Files">
      <UniqueIdentifier>{93995380-89BD-4b04-88EB-625FBE52EBFB}</UniqueIdentifier>
      <Extensions>h;hh;hpp;hxx;hm;inl;inc;xsd</Extensions>
    </Filter>
    <Filter Include="Resource Files">
      <UniqueIdentifier>{67DA6AB6-F800-4c08-8B7A-83BB121AAD01}</UniqueIdentifier>
      <Extensions>rc;ico;cur;bmp;dlg;rc2;rct;bin;rgs;gif;jpg;jpeg;jpe;resx;tiff;tif;png;wav;mfcribbon-ms</Extensions>
    </Filter>
  </ItemGroup>
  <ItemGroup>
    <ClInclude Include="stdafx.h">
      <Filter>Header Files</Filter>
    </ClInclude>
    <ClInclude Include="targetver.h">
      <Filter>Header Files</Filter>
    </ClInclude>
    <ClInclude Include="..\src\aubio.h">
      <Filter>Header Files</Filter>
    </ClInclude>
    <ClInclude Include="..\src\aubio_priv.h">
      <Filter>Header Files</Filter>
    </ClInclude>
    <ClInclude Include="..\src\cvec.h">
      <Filter>Header Files</Filter>
    </ClInclude>
    <ClInclude Include="..\src\fmat.h">
      <Filter>Header Files</Filter>
    </ClInclude>
    <ClInclude Include="..\src\fvec.h">
      <Filter>Header Files</Filter>
    </ClInclude>
    <ClInclude Include="..\src\io\audio_unit.h">
      <Filter>Header Files</Filter>
    </ClInclude>
    <ClInclude Include="..\src\io\ioutils.h">
      <Filter>Header Files</Filter>
    </ClInclude>
    <ClInclude Include="..\src\io\sink.h">
      <Filter>Header Files</Filter>
    </ClInclude>
    <ClInclude Include="..\src\io\sink_apple_audio.h">
      <Filter>Header Files</Filter>
    </ClInclude>
    <ClInclude Include="..\src\io\sink_sndfile.h">
      <Filter>Header Files</Filter>
    </ClInclude>
    <ClInclude Include="..\src\io\sink_wavwrite.h">
      <Filter>Header Files</Filter>
    </ClInclude>
    <ClInclude Include="..\src\io\source.h">
      <Filter>Header Files</Filter>
    </ClInclude>
    <ClInclude Include="..\src\io\source_apple_audio.h">
      <Filter>Header Files</Filter>
    </ClInclude>
    <ClInclude Include="..\src\io\source_avcodec.h">
      <Filter>Header Files</Filter>
    </ClInclude>
    <ClInclude Include="..\src\io\source_sndfile.h">
      <Filter>Header Files</Filter>
    </ClInclude>
    <ClInclude Include="..\src\io\source_wavread.h">
      <Filter>Header Files</Filter>
    </ClInclude>
    <ClInclude Include="..\src\lvec.h">
      <Filter>Header Files</Filter>
    </ClInclude>
    <ClInclude Include="..\src\mathutils.h">
      <Filter>Header Files</Filter>
    </ClInclude>
    <ClInclude Include="..\src\musicutils.h">
      <Filter>Header Files</Filter>
    </ClInclude>
    <ClInclude Include="..\src\notes\notes.h">
      <Filter>Header Files</Filter>
    </ClInclude>
    <ClInclude Include="..\src\onset\onset.h">
      <Filter>Header Files</Filter>
    </ClInclude>
    <ClInclude Include="..\src\onset\peakpicker.h">
      <Filter>Header Files</Filter>
    </ClInclude>
    <ClInclude Include="..\src\pitch\pitch.h">
      <Filter>Header Files</Filter>
    </ClInclude>
    <ClInclude Include="..\src\pitch\pitchfcomb.h">
      <Filter>Header Files</Filter>
    </ClInclude>
    <ClInclude Include="..\src\pitch\pitchmcomb.h">
      <Filter>Header Files</Filter>
    </ClInclude>
    <ClInclude Include="..\src\pitch\pitchschmitt.h">
      <Filter>Header Files</Filter>
    </ClInclude>
    <ClInclude Include="..\src\pitch\pitchspecacf.h">
      <Filter>Header Files</Filter>
    </ClInclude>
    <ClInclude Include="..\src\pitch\pitchyin.h">
      <Filter>Header Files</Filter>
    </ClInclude>
    <ClInclude Include="..\src\pitch\pitchyinfast.h">
      <Filter>Header Files</Filter>
    </ClInclude>
    <ClInclude Include="..\src\pitch\pitchyinfft.h">
      <Filter>Header Files</Filter>
    </ClInclude>
    <ClInclude Include="..\src\spectral\awhitening.h">
      <Filter>Header Files</Filter>
    </ClInclude>
    <ClInclude Include="..\src\spectral\fft.h">
      <Filter>Header Files</Filter>
    </ClInclude>
    <ClInclude Include="..\src\spectral\filterbank.h">
      <Filter>Header Files</Filter>
    </ClInclude>
    <ClInclude Include="..\src\spectral\filterbank_mel.h">
      <Filter>Header Files</Filter>
    </ClInclude>
    <ClInclude Include="..\src\spectral\mfcc.h">
      <Filter>Header Files</Filter>
    </ClInclude>
    <ClInclude Include="..\src\spectral\phasevoc.h">
      <Filter>Header Files</Filter>
    </ClInclude>
    <ClInclude Include="..\src\spectral\specdesc.h">
      <Filter>Header Files</Filter>
    </ClInclude>
    <ClInclude Include="..\src\spectral\tss.h">
      <Filter>Header Files</Filter>
    </ClInclude>
    <ClInclude Include="..\src\synth\sampler.h">
      <Filter>Header Files</Filter>
    </ClInclude>
    <ClInclude Include="..\src\synth\wavetable.h">
      <Filter>Header Files</Filter>
    </ClInclude>
    <ClInclude Include="..\src\tempo\beattracking.h">
      <Filter>Header Files</Filter>
    </ClInclude>
    <ClInclude Include="..\src\tempo\tempo.h">
      <Filter>Header Files</Filter>
    </ClInclude>
    <ClInclude Include="..\src\temporal\a_weighting.h">
      <Filter>Header Files</Filter>
    </ClInclude>
    <ClInclude Include="..\src\temporal\biquad.h">
      <Filter>Header Files</Filter>
    </ClInclude>
    <ClInclude Include="..\src\temporal\c_weighting.h">
      <Filter>Header Files</Filter>
    </ClInclude>
    <ClInclude Include="..\src\temporal\filter.h">
      <Filter>Header Files</Filter>
    </ClInclude>
    <ClInclude Include="..\src\temporal\resampler.h">
      <Filter>Header Files</Filter>
    </ClInclude>
    <ClInclude Include="..\src\types.h">
      <Filter>Header Files</Filter>
    </ClInclude>
    <ClInclude Include="..\src\utils\hist.h">
      <Filter>Header Files</Filter>
    </ClInclude>
    <ClInclude Include="..\src\utils\log.h">
      <Filter>Header Files</Filter>
    </ClInclude>
    <ClInclude Include="..\src\utils\parameter.h">
      <Filter>Header Files</Filter>
    </ClInclude>
    <ClInclude Include="..\src\utils\scale.h">
      <Filter>Header Files</Filter>
    </ClInclude>
    <ClInclude Include="..\src\vecutils.h">
      <Filter>Header Files</Filter>
    </ClInclude>
  </ItemGroup>
  <ItemGroup>
    <ClCompile Include="stdafx.cpp">
      <Filter>Source Files</Filter>
    </ClCompile>
    <ClCompile Include="aubio.cpp">
      <Filter>Source Files</Filter>
    </ClCompile>
    <ClCompile Include="dllmain.cpp">
      <Filter>Source Files</Filter>
    </ClCompile>
    <ClCompile Include="..\src\cvec.c">
      <Filter>Source Files</Filter>
    </ClCompile>
    <ClCompile Include="..\src\fmat.c">
      <Filter>Source Files</Filter>
    </ClCompile>
    <ClCompile Include="..\src\fvec.c">
      <Filter>Source Files</Filter>
    </ClCompile>
    <ClCompile Include="..\src\io\audio_unit.c">
      <Filter>Source Files</Filter>
    </ClCompile>
    <ClCompile Include="..\src\io\ioutils.c">
      <Filter>Source Files</Filter>
    </ClCompile>
    <ClCompile Include="..\src\io\sink.c">
      <Filter>Source Files</Filter>
    </ClCompile>
    <ClCompile Include="..\src\io\sink_apple_audio.c">
      <Filter>Source Files</Filter>
    </ClCompile>
    <ClCompile Include="..\src\io\sink_sndfile.c">
      <Filter>Source Files</Filter>
    </ClCompile>
    <ClCompile Include="..\src\io\sink_wavwrite.c">
      <Filter>Source Files</Filter>
    </ClCompile>
    <ClCompile Include="..\src\io\source.c">
      <Filter>Source Files</Filter>
    </ClCompile>
    <ClCompile Include="..\src\io\source_apple_audio.c">
      <Filter>Source Files</Filter>
    </ClCompile>
    <ClCompile Include="..\src\io\source_avcodec.c">
      <Filter>Source Files</Filter>
    </ClCompile>
    <ClCompile Include="..\src\io\source_sndfile.c">
      <Filter>Source Files</Filter>
    </ClCompile>
    <ClCompile Include="..\src\io\source_wavread.c">
      <Filter>Source Files</Filter>
    </ClCompile>
    <ClCompile Include="..\src\io\utils_apple_audio.c">
      <Filter>Source Files</Filter>
    </ClCompile>
    <ClCompile Include="..\src\lvec.c">
      <Filter>Source Files</Filter>
    </ClCompile>
    <ClCompile Include="..\src\mathutils.c">
      <Filter>Source Files</Filter>
    </ClCompile>
    <ClCompile Include="..\src\notes\notes.c">
      <Filter>Source Files</Filter>
    </ClCompile>
    <ClCompile Include="..\src\onset\onset.c">
      <Filter>Source Files</Filter>
    </ClCompile>
    <ClCompile Include="..\src\onset\peakpicker.c">
      <Filter>Source Files</Filter>
    </ClCompile>
    <ClCompile Include="..\src\pitch\pitch.c">
      <Filter>Source Files</Filter>
    </ClCompile>
    <ClCompile Include="..\src\pitch\pitchfcomb.c">
      <Filter>Source Files</Filter>
    </ClCompile>
    <ClCompile Include="..\src\pitch\pitchmcomb.c">
      <Filter>Source Files</Filter>
    </ClCompile>
    <ClCompile Include="..\src\pitch\pitchschmitt.c">
      <Filter>Source Files</Filter>
    </ClCompile>
    <ClCompile Include="..\src\pitch\pitchspecacf.c">
      <Filter>Source Files</Filter>
    </ClCompile>
    <ClCompile Include="..\src\pitch\pitchyin.c">
      <Filter>Source Files</Filter>
    </ClCompile>
    <ClCompile Include="..\src\pitch\pitchyinfast.c">
      <Filter>Source Files</Filter>
    </ClCompile>
    <ClCompile Include="..\src\pitch\pitchyinfft.c">
      <Filter>Source Files</Filter>
    </ClCompile>
    <ClCompile Include="..\src\spectral\awhitening.c">
      <Filter>Source Files</Filter>
    </ClCompile>
    <ClCompile Include="..\src\spectral\fft.c">
      <Filter>Source Files</Filter>
    </ClCompile>
    <ClCompile Include="..\src\spectral\filterbank.c">
      <Filter>Source Files</Filter>
    </ClCompile>
    <ClCompile Include="..\src\spectral\filterbank_mel.c">
      <Filter>Source Files</Filter>
    </ClCompile>
    <ClCompile Include="..\src\spectral\mfcc.c">
      <Filter>Source Files</Filter>
    </ClCompile>
    <ClCompile Include="..\src\spectral\ooura_fft8g.c">
      <Filter>Source Files</Filter>
    </ClCompile>
    <ClCompile Include="..\src\spectral\phasevoc.c">
      <Filter>Source Files</Filter>
    </ClCompile>
    <ClCompile Include="..\src\spectral\specdesc.c">
      <Filter>Source Files</Filter>
    </ClCompile>
    <ClCompile Include="..\src\spectral\statistics.c">
      <Filter>Source Files</Filter>
    </ClCompile>
    <ClCompile Include="..\src\spectral\tss.c">
      <Filter>Source Files</Filter>
    </ClCompile>
    <ClCompile Include="..\src\synth\sampler.c">
      <Filter>Source Files</Filter>
    </ClCompile>
    <ClCompile Include="..\src\synth\wavetable.c">
      <Filter>Source Files</Filter>
    </ClCompile>
    <ClCompile Include="..\src\tempo\beattracking.c">
      <Filter>Source Files</Filter>
    </ClCompile>
    <ClCompile Include="..\src\tempo\tempo.c">
      <Filter>Source Files</Filter>
    </ClCompile>
    <ClCompile Include="..\src\temporal\a_weighting.c">
      <Filter>Source Files</Filter>
    </ClCompile>
    <ClCompile Include="..\src\temporal\biquad.c">
      <Filter>Source Files</Filter>
    </ClCompile>
    <ClCompile Include="..\src\temporal\c_weighting.c">
      <Filter>Source Files</Filter>
    </ClCompile>
    <ClCompile Include="..\src\temporal\filter.c">
      <Filter>Source Files</Filter>
    </ClCompile>
    <ClCompile Include="..\src\temporal\resampler.c">
      <Filter>Source Files</Filter>
    </ClCompile>
    <ClCompile Include="..\src\utils\hist.c">
      <Filter>Source Files</Filter>
    </ClCompile>
    <ClCompile Include="..\src\utils\log.c">
      <Filter>Source Files</Filter>
    </ClCompile>
    <ClCompile Include="..\src\utils\parameter.c">
      <Filter>Source Files</Filter>
    </ClCompile>
    <ClCompile Include="..\src\utils\scale.c">
      <Filter>Source Files</Filter>
    </ClCompile>
    <ClCompile Include="..\src\utils\windll.c">
      <Filter>Source Files</Filter>
    </ClCompile>
    <ClCompile Include="..\src\vecutils.c">
      <Filter>Source Files</Filter>
    </ClCompile>
  </ItemGroup>
</Project>